
Microsoft Visual Studio Solution File, Format Version 12.00
# Visual Studio Version 17
VisualStudioVersion = 17.6.33717.318
MinimumVisualStudioVersion = 10.0.40219.1
Project("{FAE04EC0-301F-11D3-BF4B-00C04F79EFBC}") = "Bruteforce", "Bruteforce\Bruteforce.csproj", "{E0E15033-4AE6-4023-BED2-F66EA49BD641}"
EndProject
Global
	GlobalSection(SolutionConfigurationPlatforms) = preSolution
		Debug|Any CPU = Debug|Any CPU
		Release|Any CPU = Release|Any CPU
	EndGlobalSection
	GlobalSection(ProjectConfigurationPlatforms) = postSolution
		{E0E15033-4AE6-4023-BED2-F66EA49BD641}.Debug|Any CPU.ActiveCfg = Debug|Any CPU
		{E0E15033-4AE6-4023-BED2-F66EA49BD641}.Debug|Any CPU.Build.0 = Debug|Any CPU
		{E0E15033-4AE6-4023-BED2-F66EA49BD641}.Release|Any CPU.ActiveCfg = Release|Any CPU
		{E0E15033-4AE6-4023-BED2-F66EA49BD641}.Release|Any CPU.Build.0 = Release|Any CPU
	EndGlobalSection
	GlobalSection(SolutionProperties) = preSolution
		HideSolutionNode = FALSE
	EndGlobalSection
	GlobalSection(ExtensibilityGlobals) = postSolution
		SolutionGuid = {A6B62D6E-BD6C-4757-A9D7-945B4EF74B80}
	EndGlobalSection
EndGlobal
